
Microsoft Visual Studio Solution File, Format Version 12.00
# Visual Studio Version 17
VisualStudioVersion = 17.3.32819.101
MinimumVisualStudioVersion = 10.0.40219.1
Project("{9A19103F-16F7-4668-BE54-9A1E7A4F7556}") = "BloodDonorApiGateway", "BloodDonorAPI\BloodDonorApiGateway.csproj", "{FA2A9B4F-5254-4361-9A48-070BF73C541B}"
EndProject
Project("{2150E333-8FDC-42A3-9474-1A3956D46DE8}") = "Microservices", "Microservices", "{BCAD1F3E-DBF0-47AA-8C9F-825C63719B37}"
EndProject
Project("{9A19103F-16F7-4668-BE54-9A1E7A4F7556}") = "UserAPI", "UserAPI\UserAPI.csproj", "{F7CBDB3C-BD5D-4925-A1B4-863F1D068A4A}"
EndProject
Project("{9A19103F-16F7-4668-BE54-9A1E7A4F7556}") = "LocationAPI", "LocationAPI\LocationAPI.csproj", "{A05F9DF8-45FC-4635-8581-576BDDDA845D}"
EndProject
Project("{9A19103F-16F7-4668-BE54-9A1E7A4F7556}") = "DonorAPI", "DonorAPI\DonorAPI.csproj", "{67C5C343-17BC-4114-8C1A-227FD560634A}"
EndProject
Project("{9A19103F-16F7-4668-BE54-9A1E7A4F7556}") = "BloodBankAPI", "BloodBankAPI\BloodBankAPI.csproj", "{BCEF70A9-0764-4133-AAC3-501FE5D024F9}"
EndProject
Project("{2150E333-8FDC-42A3-9474-1A3956D46DE8}") = "Data", "Data", "{0510BFAE-681B-4BB4-8F08-2FE063AB3AC6}"
EndProject
Project("{FAE04EC0-301F-11D3-BF4B-00C04F79EFBC}") = "bloodbank.Data", "bloodbank.Data\bloodbank.Data.csproj", "{9B38F4DC-5282-4E32-8C29-BE1C7D5AEEBD}"
EndProject
Project("{FAE04EC0-301F-11D3-BF4B-00C04F79EFBC}") = "donor.Data", "donor.Data\donor.Data.csproj", "{6FAD621D-A968-4827-85F6-D4418259030F}"
EndProject
Project("{FAE04EC0-301F-11D3-BF4B-00C04F79EFBC}") = "location.Data", "location.Data\location.Data.csproj", "{736E8F3A-05D6-4DC9-B3C6-2F9ED78930B4}"
EndProject
Project("{FAE04EC0-301F-11D3-BF4B-00C04F79EFBC}") = "user.Data", "user.Data\user.Data.csproj", "{D7871DB8-A1D0-434E-8CD9-9D64ED5A9C85}"
EndProject
Project("{2150E333-8FDC-42A3-9474-1A3956D46DE8}") = "Logic", "Logic", "{AF6CD10A-0726-4BCF-8A3F-B6CF393F6843}"
EndProject
Project("{FAE04EC0-301F-11D3-BF4B-00C04F79EFBC}") = "donor.Logic", "donor.Logic\donor.Logic.csproj", "{15DC30E0-3C3F-4113-9A1B-6A4F7FF5AEBC}"
EndProject
Project("{FAE04EC0-301F-11D3-BF4B-00C04F79EFBC}") = "location.logic", "location.logic\location.logic.csproj", "{92E41733-B770-4697-844C-6BC2B9F49A58}"
EndProject
Project("{FAE04EC0-301F-11D3-BF4B-00C04F79EFBC}") = "user.Logic", "user.Logic\user.Logic.csproj", "{47C279CB-F964-44AF-A6F9-DA96A1A41CEE}"
EndProject
Project("{FAE04EC0-301F-11D3-BF4B-00C04F79EFBC}") = "bloodbank.Logic", "bloodbank.Logic\bloodbank.Logic.csproj", "{D719BA13-1DC3-4587-9332-4376D55FFF3B}"
EndProject
Global
	GlobalSection(SolutionConfigurationPlatforms) = preSolution
		Debug|Any CPU = Debug|Any CPU
		Release|Any CPU = Release|Any CPU
	EndGlobalSection
	GlobalSection(ProjectConfigurationPlatforms) = postSolution
		{FA2A9B4F-5254-4361-9A48-070BF73C541B}.Debug|Any CPU.ActiveCfg = Debug|Any CPU
		{FA2A9B4F-5254-4361-9A48-070BF73C541B}.Debug|Any CPU.Build.0 = Debug|Any CPU
		{FA2A9B4F-5254-4361-9A48-070BF73C541B}.Release|Any CPU.ActiveCfg = Release|Any CPU
		{FA2A9B4F-5254-4361-9A48-070BF73C541B}.Release|Any CPU.Build.0 = Release|Any CPU
		{F7CBDB3C-BD5D-4925-A1B4-863F1D068A4A}.Debug|Any CPU.ActiveCfg = Debug|Any CPU
		{F7CBDB3C-BD5D-4925-A1B4-863F1D068A4A}.Debug|Any CPU.Build.0 = Debug|Any CPU
		{F7CBDB3C-BD5D-4925-A1B4-863F1D068A4A}.Release|Any CPU.ActiveCfg = Release|Any CPU
		{F7CBDB3C-BD5D-4925-A1B4-863F1D068A4A}.Release|Any CPU.Build.0 = Release|Any CPU
		{A05F9DF8-45FC-4635-8581-576BDDDA845D}.Debug|Any CPU.ActiveCfg = Debug|Any CPU
		{A05F9DF8-45FC-4635-8581-576BDDDA845D}.Debug|Any CPU.Build.0 = Debug|Any CPU
		{A05F9DF8-45FC-4635-8581-576BDDDA845D}.Release|Any CPU.ActiveCfg = Release|Any CPU
		{A05F9DF8-45FC-4635-8581-576BDDDA845D}.Release|Any CPU.Build.0 = Release|Any CPU
		{67C5C343-17BC-4114-8C1A-227FD560634A}.Debug|Any CPU.ActiveCfg = Debug|Any CPU
		{67C5C343-17BC-4114-8C1A-227FD560634A}.Debug|Any CPU.Build.0 = Debug|Any CPU
		{67C5C343-17BC-4114-8C1A-227FD560634A}.Release|Any CPU.ActiveCfg = Release|Any CPU
		{67C5C343-17BC-4114-8C1A-227FD560634A}.Release|Any CPU.Build.0 = Release|Any CPU
		{BCEF70A9-0764-4133-AAC3-501FE5D024F9}.Debug|Any CPU.ActiveCfg = Debug|Any CPU
		{BCEF70A9-0764-4133-AAC3-501FE5D024F9}.Debug|Any CPU.Build.0 = Debug|Any CPU
		{BCEF70A9-0764-4133-AAC3-501FE5D024F9}.Release|Any CPU.ActiveCfg = Release|Any CPU
		{BCEF70A9-0764-4133-AAC3-501FE5D024F9}.Release|Any CPU.Build.0 = Release|Any CPU
		{9B38F4DC-5282-4E32-8C29-BE1C7D5AEEBD}.Debug|Any CPU.ActiveCfg = Debug|Any CPU
		{9B38F4DC-5282-4E32-8C29-BE1C7D5AEEBD}.Debug|Any CPU.Build.0 = Debug|Any CPU
		{9B38F4DC-5282-4E32-8C29-BE1C7D5AEEBD}.Release|Any CPU.ActiveCfg = Release|Any CPU
		{9B38F4DC-5282-4E32-8C29-BE1C7D5AEEBD}.Release|Any CPU.Build.0 = Release|Any CPU
		{6FAD621D-A968-4827-85F6-D4418259030F}.Debug|Any CPU.ActiveCfg = Debug|Any CPU
		{6FAD621D-A968-4827-85F6-D4418259030F}.Debug|Any CPU.Build.0 = Debug|Any CPU
		{6FAD621D-A968-4827-85F6-D4418259030F}.Release|Any CPU.ActiveCfg = Release|Any CPU
		{6FAD621D-A968-4827-85F6-D4418259030F}.Release|Any CPU.Build.0 = Release|Any CPU
		{736E8F3A-05D6-4DC9-B3C6-2F9ED78930B4}.Debug|Any CPU.ActiveCfg = Debug|Any CPU
		{736E8F3A-05D6-4DC9-B3C6-2F9ED78930B4}.Debug|Any CPU.Build.0 = Debug|Any CPU
		{736E8F3A-05D6-4DC9-B3C6-2F9ED78930B4}.Release|Any CPU.ActiveCfg = Release|Any CPU
		{736E8F3A-05D6-4DC9-B3C6-2F9ED78930B4}.Release|Any CPU.Build.0 = Release|Any CPU
		{D7871DB8-A1D0-434E-8CD9-9D64ED5A9C85}.Debug|Any CPU.ActiveCfg = Debug|Any CPU
		{D7871DB8-A1D0-434E-8CD9-9D64ED5A9C85}.Debug|Any CPU.Build.0 = Debug|Any CPU
		{D7871DB8-A1D0-434E-8CD9-9D64ED5A9C85}.Release|Any CPU.ActiveCfg = Release|Any CPU
		{D7871DB8-A1D0-434E-8CD9-9D64ED5A9C85}.Release|Any CPU.Build.0 = Release|Any CPU
		{15DC30E0-3C3F-4113-9A1B-6A4F7FF5AEBC}.Debug|Any CPU.ActiveCfg = Debug|Any CPU
		{15DC30E0-3C3F-4113-9A1B-6A4F7FF5AEBC}.Debug|Any CPU.Build.0 = Debug|Any CPU
		{15DC30E0-3C3F-4113-9A1B-6A4F7FF5AEBC}.Release|Any CPU.ActiveCfg = Release|Any CPU
		{15DC30E0-3C3F-4113-9A1B-6A4F7FF5AEBC}.Release|Any CPU.Build.0 = Release|Any CPU
		{92E41733-B770-4697-844C-6BC2B9F49A58}.Debug|Any CPU.ActiveCfg = Debug|Any CPU
		{92E41733-B770-4697-844C-6BC2B9F49A58}.Debug|Any CPU.Build.0 = Debug|Any CPU
		{92E41733-B770-4697-844C-6BC2B9F49A58}.Release|Any CPU.ActiveCfg = Release|Any CPU
		{92E41733-B770-4697-844C-6BC2B9F49A58}.Release|Any CPU.Build.0 = Release|Any CPU
		{47C279CB-F964-44AF-A6F9-DA96A1A41CEE}.Debug|Any CPU.ActiveCfg = Debug|Any CPU
		{47C279CB-F964-44AF-A6F9-DA96A1A41CEE}.Debug|Any CPU.Build.0 = Debug|Any CPU
		{47C279CB-F964-44AF-A6F9-DA96A1A41CEE}.Release|Any CPU.ActiveCfg = Release|Any CPU
		{47C279CB-F964-44AF-A6F9-DA96A1A41CEE}.Release|Any CPU.Build.0 = Release|Any CPU
		{D719BA13-1DC3-4587-9332-4376D55FFF3B}.Debug|Any CPU.ActiveCfg = Debug|Any CPU
		{D719BA13-1DC3-4587-9332-4376D55FFF3B}.Debug|Any CPU.Build.0 = Debug|Any CPU
		{D719BA13-1DC3-4587-9332-4376D55FFF3B}.Release|Any CPU.ActiveCfg = Release|Any CPU
		{D719BA13-1DC3-4587-9332-4376D55FFF3B}.Release|Any CPU.Build.0 = Release|Any CPU
	EndGlobalSection
	GlobalSection(SolutionProperties) = preSolution
		HideSolutionNode = FALSE
	EndGlobalSection
	GlobalSection(NestedProjects) = preSolution
		{F7CBDB3C-BD5D-4925-A1B4-863F1D068A4A} = {BCAD1F3E-DBF0-47AA-8C9F-825C63719B37}
		{A05F9DF8-45FC-4635-8581-576BDDDA845D} = {BCAD1F3E-DBF0-47AA-8C9F-825C63719B37}
		{67C5C343-17BC-4114-8C1A-227FD560634A} = {BCAD1F3E-DBF0-47AA-8C9F-825C63719B37}
		{BCEF70A9-0764-4133-AAC3-501FE5D024F9} = {BCAD1F3E-DBF0-47AA-8C9F-825C63719B37}
		{9B38F4DC-5282-4E32-8C29-BE1C7D5AEEBD} = {0510BFAE-681B-4BB4-8F08-2FE063AB3AC6}
		{6FAD621D-A968-4827-85F6-D4418259030F} = {0510BFAE-681B-4BB4-8F08-2FE063AB3AC6}
		{736E8F3A-05D6-4DC9-B3C6-2F9ED78930B4} = {0510BFAE-681B-4BB4-8F08-2FE063AB3AC6}
		{D7871DB8-A1D0-434E-8CD9-9D64ED5A9C85} = {0510BFAE-681B-4BB4-8F08-2FE063AB3AC6}
		{15DC30E0-3C3F-4113-9A1B-6A4F7FF5AEBC} = {AF6CD10A-0726-4BCF-8A3F-B6CF393F6843}
		{92E41733-B770-4697-844C-6BC2B9F49A58} = {AF6CD10A-0726-4BCF-8A3F-B6CF393F6843}
		{47C279CB-F964-44AF-A6F9-DA96A1A41CEE} = {AF6CD10A-0726-4BCF-8A3F-B6CF393F6843}
		{D719BA13-1DC3-4587-9332-4376D55FFF3B} = {AF6CD10A-0726-4BCF-8A3F-B6CF393F6843}
	EndGlobalSection
	GlobalSection(ExtensibilityGlobals) = postSolution
		SolutionGuid = {AC75EF3F-2A96-4520-9753-6E0231BD80A9}
	EndGlobalSection
EndGlobal
